
Microsoft Visual Studio Solution File, Format Version 12.00
# Visual Studio 14
VisualStudioVersion = 14.0.25420.1
MinimumVisualStudioVersion = 10.0.40219.1
Project("{FAE04EC0-301F-11D3-BF4B-00C04F79EFBC}") = "MyCollections", "MyCollections.csproj", "{6E9862F8-CE2F-41F2-8D72-ECE4C3349E83}"
EndProject
Project("{FAE04EC0-301F-11D3-BF4B-00C04F79EFBC}") = "MyCollections.Test", "..\MyCollection.Test\MyCollections.Test.csproj", "{A803C1FB-AFCD-42DB-97E4-19C91B140BDE}"
EndProject
Global
	GlobalSection(SolutionConfigurationPlatforms) = preSolution
		Debug|Any CPU = Debug|Any CPU
		Release|Any CPU = Release|Any CPU
	EndGlobalSection
	GlobalSection(ProjectConfigurationPlatforms) = postSolution
		{6E9862F8-CE2F-41F2-8D72-ECE4C3349E83}.Debug|Any CPU.ActiveCfg = Debug|Any CPU
		{6E9862F8-CE2F-41F2-8D72-ECE4C3349E83}.Debug|Any CPU.Build.0 = Debug|Any CPU
		{6E9862F8-CE2F-41F2-8D72-ECE4C3349E83}.Release|Any CPU.ActiveCfg = Debug|Any CPU
		{6E9862F8-CE2F-41F2-8D72-ECE4C3349E83}.Release|Any CPU.Build.0 = Debug|Any CPU
		{A803C1FB-AFCD-42DB-97E4-19C91B140BDE}.Debug|Any CPU.ActiveCfg = Debug|Any CPU
		{A803C1FB-AFCD-42DB-97E4-19C91B140BDE}.Debug|Any CPU.Build.0 = Debug|Any CPU
		{A803C1FB-AFCD-42DB-97E4-19C91B140BDE}.Release|Any CPU.ActiveCfg = Debug|Any CPU
		{A803C1FB-AFCD-42DB-97E4-19C91B140BDE}.Release|Any CPU.Build.0 = Debug|Any CPU
	EndGlobalSection
	GlobalSection(SolutionProperties) = preSolution
		HideSolutionNode = FALSE
	EndGlobalSection
EndGlobal
